
Microsoft Visual Studio Solution File, Format Version 12.00
# Visual Studio Version 16
VisualStudioVersion = 16.0.29025.244
MinimumVisualStudioVersion = 10.0.40219.1
Project("{FAE04EC0-301F-11D3-BF4B-00C04F79EFBC}") = "Shapes", "Shapes\Shapes.csproj", "{29518BCF-E95B-4609-93F7-96FC61C1252D}"
EndProject
Project("{FAE04EC0-301F-11D3-BF4B-00C04F79EFBC}") = "ShapesTest", "ShapesTest\ShapesTest.csproj", "{15BCBB6C-246E-4FD9-AD3A-5410DE1B918D}"
EndProject
Project("{FAE04EC0-301F-11D3-BF4B-00C04F79EFBC}") = "ShapesConsole", "ShapesConsole\ShapesConsole.csproj", "{6DECE191-CC01-4DBE-A102-67711E1737C8}"
EndProject
Global
	GlobalSection(SolutionConfigurationPlatforms) = preSolution
		Debug|Any CPU = Debug|Any CPU
		Release|Any CPU = Release|Any CPU
	EndGlobalSection
	GlobalSection(ProjectConfigurationPlatforms) = postSolution
		{29518BCF-E95B-4609-93F7-96FC61C1252D}.Debug|Any CPU.ActiveCfg = Debug|Any CPU
		{29518BCF-E95B-4609-93F7-96FC61C1252D}.Debug|Any CPU.Build.0 = Debug|Any CPU
		{29518BCF-E95B-4609-93F7-96FC61C1252D}.Release|Any CPU.ActiveCfg = Release|Any CPU
		{29518BCF-E95B-4609-93F7-96FC61C1252D}.Release|Any CPU.Build.0 = Release|Any CPU
		{15BCBB6C-246E-4FD9-AD3A-5410DE1B918D}.Debug|Any CPU.ActiveCfg = Debug|Any CPU
		{15BCBB6C-246E-4FD9-AD3A-5410DE1B918D}.Debug|Any CPU.Build.0 = Debug|Any CPU
		{15BCBB6C-246E-4FD9-AD3A-5410DE1B918D}.Release|Any CPU.ActiveCfg = Release|Any CPU
		{15BCBB6C-246E-4FD9-AD3A-5410DE1B918D}.Release|Any CPU.Build.0 = Release|Any CPU
		{6DECE191-CC01-4DBE-A102-67711E1737C8}.Debug|Any CPU.ActiveCfg = Debug|Any CPU
		{6DECE191-CC01-4DBE-A102-67711E1737C8}.Debug|Any CPU.Build.0 = Debug|Any CPU
		{6DECE191-CC01-4DBE-A102-67711E1737C8}.Release|Any CPU.ActiveCfg = Release|Any CPU
		{6DECE191-CC01-4DBE-A102-67711E1737C8}.Release|Any CPU.Build.0 = Release|Any CPU
	EndGlobalSection
	GlobalSection(SolutionProperties) = preSolution
		HideSolutionNode = FALSE
	EndGlobalSection
	GlobalSection(ExtensibilityGlobals) = postSolution
		SolutionGuid = {19962FA1-36B8-4CD8-98C0-28B47D328536}
	EndGlobalSection
EndGlobal
